
Microsoft Visual Studio Solution File, Format Version 12.00
# Visual Studio Version 16
VisualStudioVersion = 16.0.30503.244
MinimumVisualStudioVersion = 10.0.40219.1
Project("{9A19103F-16F7-4668-BE54-9A1E7A4F7556}") = "Plutus", "Plutus.csproj", "{13C5DD9E-C729-49D0-88BE-46ABB1DC584B}"
EndProject
Global
	GlobalSection(SolutionConfigurationPlatforms) = preSolution
		Debug|Any CPU = Debug|Any CPU
		Release|Any CPU = Release|Any CPU
	EndGlobalSection
	GlobalSection(ProjectConfigurationPlatforms) = postSolution
		{13C5DD9E-C729-49D0-88BE-46ABB1DC584B}.Debug|Any CPU.ActiveCfg = Debug|Any CPU
		{13C5DD9E-C729-49D0-88BE-46ABB1DC584B}.Debug|Any CPU.Build.0 = Debug|Any CPU
		{13C5DD9E-C729-49D0-88BE-46ABB1DC584B}.Release|Any CPU.ActiveCfg = Release|Any CPU
		{13C5DD9E-C729-49D0-88BE-46ABB1DC584B}.Release|Any CPU.Build.0 = Release|Any CPU
	EndGlobalSection
	GlobalSection(SolutionProperties) = preSolution
		HideSolutionNode = FALSE
	EndGlobalSection
	GlobalSection(ExtensibilityGlobals) = postSolution
		SolutionGuid = {065D679D-655E-4282-94DC-712360C52CFE}
	EndGlobalSection
EndGlobal
